
Microsoft Visual Studio Solution File, Format Version 12.00
# Visual Studio Version 17
VisualStudioVersion = 17.14.36705.20
MinimumVisualStudioVersion = 10.0.40219.1
Project("{2150E333-8FDC-42A3-9474-1A3956D46DE8}") = "CreationalPatterns", "CreationalPatterns", "{02EA681E-C7D8-13C7-8484-4AC65E1B71E8}"
EndProject
Project("{FAE04EC0-301F-11D3-BF4B-00C04F79EFBC}") = "Singleton", "Singleton\Singleton.csproj", "{3A61F809-EAEB-4107-AC2B-E8EC0247FFE2}"
EndProject
Project("{FAE04EC0-301F-11D3-BF4B-00C04F79EFBC}") = "Factory", "Factory\Factory.csproj", "{8F1D797A-3A0D-4F84-A2CB-FFF979CC6219}"
EndProject
Project("{FAE04EC0-301F-11D3-BF4B-00C04F79EFBC}") = "AbstractFactory", "AbstractFactory\AbstractFactory.csproj", "{DFF89B02-AE16-48C0-A870-6B6E812FEA75}"
EndProject
Project("{FAE04EC0-301F-11D3-BF4B-00C04F79EFBC}") = "Prototype", "Prototype\Prototype.csproj", "{7C0BA8C3-7D38-41D3-924B-F1B3FFCE9DEF}"
EndProject
Project("{FAE04EC0-301F-11D3-BF4B-00C04F79EFBC}") = "Builder", "Builder\Builder.csproj", "{E14B60A3-3580-4FCE-A212-C0A2D607A00C}"
EndProject
Project("{2150E333-8FDC-42A3-9474-1A3956D46DE8}") = "StructuralPatterns", "StructuralPatterns", "{259B1701-8D23-4FB2-A212-737940DEB813}"
EndProject
Project("{2150E333-8FDC-42A3-9474-1A3956D46DE8}") = "BehavioralPatterns", "BehavioralPatterns", "{5136121A-D511-422D-A2C4-B4771A6B4CB1}"
EndProject
Project("{FAE04EC0-301F-11D3-BF4B-00C04F79EFBC}") = "Adapter", "Adapter\Adapter.csproj", "{62ED20D1-1923-4FA2-AE59-8988A55BC0A3}"
EndProject
Project("{FAE04EC0-301F-11D3-BF4B-00C04F79EFBC}") = "Bridge", "Bridge\Bridge.csproj", "{EDA0FB71-DDFE-4753-8C29-AFDB8EAB1647}"
EndProject
Project("{FAE04EC0-301F-11D3-BF4B-00C04F79EFBC}") = "Composite", "Composite\Composite.csproj", "{634365D7-C0FA-4C28-BC9F-CF761EF20A0B}"
EndProject
Project("{FAE04EC0-301F-11D3-BF4B-00C04F79EFBC}") = "Decorator", "Decorator\Decorator.csproj", "{BD54C615-1BCA-4448-87A4-3B9434BFCEB8}"
EndProject
Project("{FAE04EC0-301F-11D3-BF4B-00C04F79EFBC}") = "Facade", "Facade\Facade.csproj", "{7840CDBB-8796-4321-A391-0BB9A98C0833}"
EndProject
Project("{FAE04EC0-301F-11D3-BF4B-00C04F79EFBC}") = "Flyweight", "Flyweight\Flyweight.csproj", "{D8B3A66B-576E-40FE-A75F-DE07847431CD}"
EndProject
Project("{FAE04EC0-301F-11D3-BF4B-00C04F79EFBC}") = "Proxy", "Proxy\Proxy.csproj", "{AA86B2EE-4360-4947-B6B6-A1C289A13402}"
EndProject
Project("{FAE04EC0-301F-11D3-BF4B-00C04F79EFBC}") = "COR", "COR\COR.csproj", "{DFBEA7F9-5594-42D9-BD8D-CE6F557B9BEA}"
EndProject
Project("{FAE04EC0-301F-11D3-BF4B-00C04F79EFBC}") = "Command", "Command\Command.csproj", "{5E033E27-785B-4DAC-A69E-59B7C1C5D75A}"
EndProject
Project("{FAE04EC0-301F-11D3-BF4B-00C04F79EFBC}") = "Iterator", "Iterator\Iterator.csproj", "{2365EB17-02EF-4E8B-8AA7-35C2123EB1B3}"
EndProject
Project("{FAE04EC0-301F-11D3-BF4B-00C04F79EFBC}") = "Mediator", "Mediator\Mediator.csproj", "{71C527BB-86E5-46BF-ACD1-7DE1D0B37467}"
EndProject
Project("{FAE04EC0-301F-11D3-BF4B-00C04F79EFBC}") = "Memento", "Memento\Memento.csproj", "{359E4788-386D-409A-9A4E-A8E3D8CC6FC6}"
EndProject
Project("{FAE04EC0-301F-11D3-BF4B-00C04F79EFBC}") = "Observer", "Observer\Observer.csproj", "{4854B0EF-0316-41C1-A33F-62B4DD5C26F0}"
EndProject
Project("{FAE04EC0-301F-11D3-BF4B-00C04F79EFBC}") = "State", "State\State.csproj", "{BF9BA536-97C4-4A10-97EF-8821202C320A}"
EndProject
Project("{FAE04EC0-301F-11D3-BF4B-00C04F79EFBC}") = "Strategy", "Strategy\Strategy.csproj", "{F29C09D5-C6E8-4B14-8412-894B27241CA3}"
EndProject
Project("{FAE04EC0-301F-11D3-BF4B-00C04F79EFBC}") = "TemplateMethod", "TemplateMethod\TemplateMethod.csproj", "{7A821D04-74AA-4284-BA88-BC16298402D9}"
EndProject
Project("{FAE04EC0-301F-11D3-BF4B-00C04F79EFBC}") = "Visitor", "Visitor\Visitor.csproj", "{0F9A27B4-411E-45D4-ACB7-DE1B8CD6B3FF}"
EndProject
Global
	GlobalSection(SolutionConfigurationPlatforms) = preSolution
		Debug|Any CPU = Debug|Any CPU
		Release|Any CPU = Release|Any CPU
	EndGlobalSection
	GlobalSection(ProjectConfigurationPlatforms) = postSolution
		{3A61F809-EAEB-4107-AC2B-E8EC0247FFE2}.Debug|Any CPU.ActiveCfg = Debug|Any CPU
		{3A61F809-EAEB-4107-AC2B-E8EC0247FFE2}.Debug|Any CPU.Build.0 = Debug|Any CPU
		{3A61F809-EAEB-4107-AC2B-E8EC0247FFE2}.Release|Any CPU.ActiveCfg = Release|Any CPU
		{3A61F809-EAEB-4107-AC2B-E8EC0247FFE2}.Release|Any CPU.Build.0 = Release|Any CPU
		{8F1D797A-3A0D-4F84-A2CB-FFF979CC6219}.Debug|Any CPU.ActiveCfg = Debug|Any CPU
		{8F1D797A-3A0D-4F84-A2CB-FFF979CC6219}.Debug|Any CPU.Build.0 = Debug|Any CPU
		{8F1D797A-3A0D-4F84-A2CB-FFF979CC6219}.Release|Any CPU.ActiveCfg = Release|Any CPU
		{8F1D797A-3A0D-4F84-A2CB-FFF979CC6219}.Release|Any CPU.Build.0 = Release|Any CPU
		{DFF89B02-AE16-48C0-A870-6B6E812FEA75}.Debug|Any CPU.ActiveCfg = Debug|Any CPU
		{DFF89B02-AE16-48C0-A870-6B6E812FEA75}.Debug|Any CPU.Build.0 = Debug|Any CPU
		{DFF89B02-AE16-48C0-A870-6B6E812FEA75}.Release|Any CPU.ActiveCfg = Release|Any CPU
		{DFF89B02-AE16-48C0-A870-6B6E812FEA75}.Release|Any CPU.Build.0 = Release|Any CPU
		{7C0BA8C3-7D38-41D3-924B-F1B3FFCE9DEF}.Debug|Any CPU.ActiveCfg = Debug|Any CPU
		{7C0BA8C3-7D38-41D3-924B-F1B3FFCE9DEF}.Debug|Any CPU.Build.0 = Debug|Any CPU
		{7C0BA8C3-7D38-41D3-924B-F1B3FFCE9DEF}.Release|Any CPU.ActiveCfg = Release|Any CPU
		{7C0BA8C3-7D38-41D3-924B-F1B3FFCE9DEF}.Release|Any CPU.Build.0 = Release|Any CPU
		{E14B60A3-3580-4FCE-A212-C0A2D607A00C}.Debug|Any CPU.ActiveCfg = Debug|Any CPU
		{E14B60A3-3580-4FCE-A212-C0A2D607A00C}.Debug|Any CPU.Build.0 = Debug|Any CPU
		{E14B60A3-3580-4FCE-A212-C0A2D607A00C}.Release|Any CPU.ActiveCfg = Release|Any CPU
		{E14B60A3-3580-4FCE-A212-C0A2D607A00C}.Release|Any CPU.Build.0 = Release|Any CPU
		{62ED20D1-1923-4FA2-AE59-8988A55BC0A3}.Debug|Any CPU.ActiveCfg = Debug|Any CPU
		{62ED20D1-1923-4FA2-AE59-8988A55BC0A3}.Debug|Any CPU.Build.0 = Debug|Any CPU
		{62ED20D1-1923-4FA2-AE59-8988A55BC0A3}.Release|Any CPU.ActiveCfg = Release|Any CPU
		{62ED20D1-1923-4FA2-AE59-8988A55BC0A3}.Release|Any CPU.Build.0 = Release|Any CPU
		{EDA0FB71-DDFE-4753-8C29-AFDB8EAB1647}.Debug|Any CPU.ActiveCfg = Debug|Any CPU
		{EDA0FB71-DDFE-4753-8C29-AFDB8EAB1647}.Debug|Any CPU.Build.0 = Debug|Any CPU
		{EDA0FB71-DDFE-4753-8C29-AFDB8EAB1647}.Release|Any CPU.ActiveCfg = Release|Any CPU
		{EDA0FB71-DDFE-4753-8C29-AFDB8EAB1647}.Release|Any CPU.Build.0 = Release|Any CPU
		{634365D7-C0FA-4C28-BC9F-CF761EF20A0B}.Debug|Any CPU.ActiveCfg = Debug|Any CPU
		{634365D7-C0FA-4C28-BC9F-CF761EF20A0B}.Debug|Any CPU.Build.0 = Debug|Any CPU
		{634365D7-C0FA-4C28-BC9F-CF761EF20A0B}.Release|Any CPU.ActiveCfg = Release|Any CPU
		{634365D7-C0FA-4C28-BC9F-CF761EF20A0B}.Release|Any CPU.Build.0 = Release|Any CPU
		{BD54C615-1BCA-4448-87A4-3B9434BFCEB8}.Debug|Any CPU.ActiveCfg = Debug|Any CPU
		{BD54C615-1BCA-4448-87A4-3B9434BFCEB8}.Debug|Any CPU.Build.0 = Debug|Any CPU
		{BD54C615-1BCA-4448-87A4-3B9434BFCEB8}.Release|Any CPU.ActiveCfg = Release|Any CPU
		{BD54C615-1BCA-4448-87A4-3B9434BFCEB8}.Release|Any CPU.Build.0 = Release|Any CPU
		{7840CDBB-8796-4321-A391-0BB9A98C0833}.Debug|Any CPU.ActiveCfg = Debug|Any CPU
		{7840CDBB-8796-4321-A391-0BB9A98C0833}.Debug|Any CPU.Build.0 = Debug|Any CPU
		{7840CDBB-8796-4321-A391-0BB9A98C0833}.Release|Any CPU.ActiveCfg = Release|Any CPU
		{7840CDBB-8796-4321-A391-0BB9A98C0833}.Release|Any CPU.Build.0 = Release|Any CPU
		{D8B3A66B-576E-40FE-A75F-DE07847431CD}.Debug|Any CPU.ActiveCfg = Debug|Any CPU
		{D8B3A66B-576E-40FE-A75F-DE07847431CD}.Debug|Any CPU.Build.0 = Debug|Any CPU
		{D8B3A66B-576E-40FE-A75F-DE07847431CD}.Release|Any CPU.ActiveCfg = Release|Any CPU
		{D8B3A66B-576E-40FE-A75F-DE07847431CD}.Release|Any CPU.Build.0 = Release|Any CPU
		{AA86B2EE-4360-4947-B6B6-A1C289A13402}.Debug|Any CPU.ActiveCfg = Debug|Any CPU
		{AA86B2EE-4360-4947-B6B6-A1C289A13402}.Debug|Any CPU.Build.0 = Debug|Any CPU
		{AA86B2EE-4360-4947-B6B6-A1C289A13402}.Release|Any CPU.ActiveCfg = Release|Any CPU
		{AA86B2EE-4360-4947-B6B6-A1C289A13402}.Release|Any CPU.Build.0 = Release|Any CPU
		{DFBEA7F9-5594-42D9-BD8D-CE6F557B9BEA}.Debug|Any CPU.ActiveCfg = Debug|Any CPU
		{DFBEA7F9-5594-42D9-BD8D-CE6F557B9BEA}.Debug|Any CPU.Build.0 = Debug|Any CPU
		{DFBEA7F9-5594-42D9-BD8D-CE6F557B9BEA}.Release|Any CPU.ActiveCfg = Release|Any CPU
		{DFBEA7F9-5594-42D9-BD8D-CE6F557B9BEA}.Release|Any CPU.Build.0 = Release|Any CPU
		{5E033E27-785B-4DAC-A69E-59B7C1C5D75A}.Debug|Any CPU.ActiveCfg = Debug|Any CPU
		{5E033E27-785B-4DAC-A69E-59B7C1C5D75A}.Debug|Any CPU.Build.0 = Debug|Any CPU
		{5E033E27-785B-4DAC-A69E-59B7C1C5D75A}.Release|Any CPU.ActiveCfg = Release|Any CPU
		{5E033E27-785B-4DAC-A69E-59B7C1C5D75A}.Release|Any CPU.Build.0 = Release|Any CPU
		{2365EB17-02EF-4E8B-8AA7-35C2123EB1B3}.Debug|Any CPU.ActiveCfg = Debug|Any CPU
		{2365EB17-02EF-4E8B-8AA7-35C2123EB1B3}.Debug|Any CPU.Build.0 = Debug|Any CPU
		{2365EB17-02EF-4E8B-8AA7-35C2123EB1B3}.Release|Any CPU.ActiveCfg = Release|Any CPU
		{2365EB17-02EF-4E8B-8AA7-35C2123EB1B3}.Release|Any CPU.Build.0 = Release|Any CPU
		{71C527BB-86E5-46BF-ACD1-7DE1D0B37467}.Debug|Any CPU.ActiveCfg = Debug|Any CPU
		{71C527BB-86E5-46BF-ACD1-7DE1D0B37467}.Debug|Any CPU.Build.0 = Debug|Any CPU
		{71C527BB-86E5-46BF-ACD1-7DE1D0B37467}.Release|Any CPU.ActiveCfg = Release|Any CPU
		{71C527BB-86E5-46BF-ACD1-7DE1D0B37467}.Release|Any CPU.Build.0 = Release|Any CPU
		{359E4788-386D-409A-9A4E-A8E3D8CC6FC6}.Debug|Any CPU.ActiveCfg = Debug|Any CPU
		{359E4788-386D-409A-9A4E-A8E3D8CC6FC6}.Debug|Any CPU.Build.0 = Debug|Any CPU
		{359E4788-386D-409A-9A4E-A8E3D8CC6FC6}.Release|Any CPU.ActiveCfg = Release|Any CPU
		{359E4788-386D-409A-9A4E-A8E3D8CC6FC6}.Release|Any CPU.Build.0 = Release|Any CPU
		{4854B0EF-0316-41C1-A33F-62B4DD5C26F0}.Debug|Any CPU.ActiveCfg = Debug|Any CPU
		{4854B0EF-0316-41C1-A33F-62B4DD5C26F0}.Debug|Any CPU.Build.0 = Debug|Any CPU
		{4854B0EF-0316-41C1-A33F-62B4DD5C26F0}.Release|Any CPU.ActiveCfg = Release|Any CPU
		{4854B0EF-0316-41C1-A33F-62B4DD5C26F0}.Release|Any CPU.Build.0 = Release|Any CPU
		{BF9BA536-97C4-4A10-97EF-8821202C320A}.Debug|Any CPU.ActiveCfg = Debug|Any CPU
		{BF9BA536-97C4-4A10-97EF-8821202C320A}.Debug|Any CPU.Build.0 = Debug|Any CPU
		{BF9BA536-97C4-4A10-97EF-8821202C320A}.Release|Any CPU.ActiveCfg = Release|Any CPU
		{BF9BA536-97C4-4A10-97EF-8821202C320A}.Release|Any CPU.Build.0 = Release|Any CPU
		{F29C09D5-C6E8-4B14-8412-894B27241CA3}.Debug|Any CPU.ActiveCfg = Debug|Any CPU
		{F29C09D5-C6E8-4B14-8412-894B27241CA3}.Debug|Any CPU.Build.0 = Debug|Any CPU
		{F29C09D5-C6E8-4B14-8412-894B27241CA3}.Release|Any CPU.ActiveCfg = Release|Any CPU
		{F29C09D5-C6E8-4B14-8412-894B27241CA3}.Release|Any CPU.Build.0 = Release|Any CPU
		{7A821D04-74AA-4284-BA88-BC16298402D9}.Debug|Any CPU.ActiveCfg = Debug|Any CPU
		{7A821D04-74AA-4284-BA88-BC16298402D9}.Debug|Any CPU.Build.0 = Debug|Any CPU
		{7A821D04-74AA-4284-BA88-BC16298402D9}.Release|Any CPU.ActiveCfg = Release|Any CPU
		{7A821D04-74AA-4284-BA88-BC16298402D9}.Release|Any CPU.Build.0 = Release|Any CPU
		{0F9A27B4-411E-45D4-ACB7-DE1B8CD6B3FF}.Debug|Any CPU.ActiveCfg = Debug|Any CPU
		{0F9A27B4-411E-45D4-ACB7-DE1B8CD6B3FF}.Debug|Any CPU.Build.0 = Debug|Any CPU
		{0F9A27B4-411E-45D4-ACB7-DE1B8CD6B3FF}.Release|Any CPU.ActiveCfg = Release|Any CPU
		{0F9A27B4-411E-45D4-ACB7-DE1B8CD6B3FF}.Release|Any CPU.Build.0 = Release|Any CPU
	EndGlobalSection
	GlobalSection(SolutionProperties) = preSolution
		HideSolutionNode = FALSE
	EndGlobalSection
	GlobalSection(NestedProjects) = preSolution
		{3A61F809-EAEB-4107-AC2B-E8EC0247FFE2} = {02EA681E-C7D8-13C7-8484-4AC65E1B71E8}
		{8F1D797A-3A0D-4F84-A2CB-FFF979CC6219} = {02EA681E-C7D8-13C7-8484-4AC65E1B71E8}
		{DFF89B02-AE16-48C0-A870-6B6E812FEA75} = {02EA681E-C7D8-13C7-8484-4AC65E1B71E8}
		{7C0BA8C3-7D38-41D3-924B-F1B3FFCE9DEF} = {02EA681E-C7D8-13C7-8484-4AC65E1B71E8}
		{E14B60A3-3580-4FCE-A212-C0A2D607A00C} = {02EA681E-C7D8-13C7-8484-4AC65E1B71E8}
		{62ED20D1-1923-4FA2-AE59-8988A55BC0A3} = {259B1701-8D23-4FB2-A212-737940DEB813}
		{EDA0FB71-DDFE-4753-8C29-AFDB8EAB1647} = {259B1701-8D23-4FB2-A212-737940DEB813}
		{634365D7-C0FA-4C28-BC9F-CF761EF20A0B} = {259B1701-8D23-4FB2-A212-737940DEB813}
		{BD54C615-1BCA-4448-87A4-3B9434BFCEB8} = {259B1701-8D23-4FB2-A212-737940DEB813}
		{7840CDBB-8796-4321-A391-0BB9A98C0833} = {259B1701-8D23-4FB2-A212-737940DEB813}
		{D8B3A66B-576E-40FE-A75F-DE07847431CD} = {259B1701-8D23-4FB2-A212-737940DEB813}
		{AA86B2EE-4360-4947-B6B6-A1C289A13402} = {259B1701-8D23-4FB2-A212-737940DEB813}
		{DFBEA7F9-5594-42D9-BD8D-CE6F557B9BEA} = {5136121A-D511-422D-A2C4-B4771A6B4CB1}
		{5E033E27-785B-4DAC-A69E-59B7C1C5D75A} = {5136121A-D511-422D-A2C4-B4771A6B4CB1}
		{2365EB17-02EF-4E8B-8AA7-35C2123EB1B3} = {5136121A-D511-422D-A2C4-B4771A6B4CB1}
		{71C527BB-86E5-46BF-ACD1-7DE1D0B37467} = {5136121A-D511-422D-A2C4-B4771A6B4CB1}
		{359E4788-386D-409A-9A4E-A8E3D8CC6FC6} = {5136121A-D511-422D-A2C4-B4771A6B4CB1}
		{4854B0EF-0316-41C1-A33F-62B4DD5C26F0} = {5136121A-D511-422D-A2C4-B4771A6B4CB1}
		{BF9BA536-97C4-4A10-97EF-8821202C320A} = {5136121A-D511-422D-A2C4-B4771A6B4CB1}
		{F29C09D5-C6E8-4B14-8412-894B27241CA3} = {5136121A-D511-422D-A2C4-B4771A6B4CB1}
		{7A821D04-74AA-4284-BA88-BC16298402D9} = {5136121A-D511-422D-A2C4-B4771A6B4CB1}
		{0F9A27B4-411E-45D4-ACB7-DE1B8CD6B3FF} = {5136121A-D511-422D-A2C4-B4771A6B4CB1}
	EndGlobalSection
	GlobalSection(ExtensibilityGlobals) = postSolution
		SolutionGuid = {A33319DE-B1FA-4345-B63D-B03177CCF5E0}
	EndGlobalSection
EndGlobal
